
Microsoft Visual Studio Solution File, Format Version 11.00
# Visual Studio 2010
Project("{FAE04EC0-301F-11D3-BF4B-00C04F79EFBC}") = "ExportIPQC", "ExportIPQC\ExportIPQC.csproj", "{7C8A8AF1-1A31-478E-88A6-CE93C7E2514C}"
EndProject
Global
	GlobalSection(SolutionConfigurationPlatforms) = preSolution
		Debug|Any CPU = Debug|Any CPU
		Release|Any CPU = Release|Any CPU
	EndGlobalSection
	GlobalSection(ProjectConfigurationPlatforms) = postSolution
		{7C8A8AF1-1A31-478E-88A6-CE93C7E2514C}.Debug|Any CPU.ActiveCfg = Debug|Any CPU
		{7C8A8AF1-1A31-478E-88A6-CE93C7E2514C}.Debug|Any CPU.Build.0 = Debug|Any CPU
		{7C8A8AF1-1A31-478E-88A6-CE93C7E2514C}.Release|Any CPU.ActiveCfg = Release|Any CPU
		{7C8A8AF1-1A31-478E-88A6-CE93C7E2514C}.Release|Any CPU.Build.0 = Release|Any CPU
	EndGlobalSection
	GlobalSection(SolutionProperties) = preSolution
		HideSolutionNode = FALSE
	EndGlobalSection
EndGlobal
