
Microsoft Visual Studio Solution File, Format Version 11.00
# Visual Studio 2010
Project("{FAE04EC0-301F-11D3-BF4B-00C04F79EFBC}") = "RelationCustomerBalloon", "RelationCustomerBalloon\RelationCustomerBalloon.csproj", "{2BB78E99-1FD3-477B-9B0E-75846AE8E1F8}"
EndProject
Global
	GlobalSection(SolutionConfigurationPlatforms) = preSolution
		Debug|Any CPU = Debug|Any CPU
		Release|Any CPU = Release|Any CPU
	EndGlobalSection
	GlobalSection(ProjectConfigurationPlatforms) = postSolution
		{2BB78E99-1FD3-477B-9B0E-75846AE8E1F8}.Debug|Any CPU.ActiveCfg = Debug|Any CPU
		{2BB78E99-1FD3-477B-9B0E-75846AE8E1F8}.Debug|Any CPU.Build.0 = Debug|Any CPU
		{2BB78E99-1FD3-477B-9B0E-75846AE8E1F8}.Release|Any CPU.ActiveCfg = Release|Any CPU
		{2BB78E99-1FD3-477B-9B0E-75846AE8E1F8}.Release|Any CPU.Build.0 = Release|Any CPU
	EndGlobalSection
	GlobalSection(SolutionProperties) = preSolution
		HideSolutionNode = FALSE
	EndGlobalSection
EndGlobal
