
Microsoft Visual Studio Solution File, Format Version 11.00
# Visual Studio 2010
Project("{FAE04EC0-301F-11D3-BF4B-00C04F79EFBC}") = "MainProgram", "MainProgram\MainProgram.csproj", "{F4FE4BC8-9A24-4821-B6A2-9EF56EDBE441}"
EndProject
Global
	GlobalSection(SolutionConfigurationPlatforms) = preSolution
		Debug|Any CPU = Debug|Any CPU
		Release|Any CPU = Release|Any CPU
	EndGlobalSection
	GlobalSection(ProjectConfigurationPlatforms) = postSolution
		{F4FE4BC8-9A24-4821-B6A2-9EF56EDBE441}.Debug|Any CPU.ActiveCfg = Debug|Any CPU
		{F4FE4BC8-9A24-4821-B6A2-9EF56EDBE441}.Debug|Any CPU.Build.0 = Debug|Any CPU
		{F4FE4BC8-9A24-4821-B6A2-9EF56EDBE441}.Release|Any CPU.ActiveCfg = Release|Any CPU
		{F4FE4BC8-9A24-4821-B6A2-9EF56EDBE441}.Release|Any CPU.Build.0 = Release|Any CPU
	EndGlobalSection
	GlobalSection(SolutionProperties) = preSolution
		HideSolutionNode = FALSE
	EndGlobalSection
EndGlobal
